
Microsoft Visual Studio Solution File, Format Version 12.00
# Visual Studio Version 17
VisualStudioVersion = 17.5.33424.131
MinimumVisualStudioVersion = 10.0.40219.1
Project("{9A19103F-16F7-4668-BE54-9A1E7A4F7556}") = "Homework2", "Homework2\Homework2.csproj", "{073DF9DF-2204-4A9C-8B51-F35FDDB04C03}"
EndProject
Project("{9A19103F-16F7-4668-BE54-9A1E7A4F7556}") = "Homework1", "Homework1\Homework1.csproj", "{91C13857-F42B-4083-9D3B-24E119BBC0CA}"
EndProject
Project("{9A19103F-16F7-4668-BE54-9A1E7A4F7556}") = "UtilsLibrary", "UtilsLibrary\UtilsLibrary.csproj", "{CE671BD5-607E-40F1-9830-9507BEEF5360}"
EndProject
Project("{9A19103F-16F7-4668-BE54-9A1E7A4F7556}") = "Homework3", "Homework3\Homework3.csproj", "{C041C2C0-3712-44A2-8710-0567153C30ED}"
EndProject
Project("{9A19103F-16F7-4668-BE54-9A1E7A4F7556}") = "Homework4", "Homework4\Homework4.csproj", "{C9C06F8F-0F22-492F-8DB2-F80F49020ABB}"
	ProjectSection(ProjectDependencies) = postProject
		{CE671BD5-607E-40F1-9830-9507BEEF5360} = {CE671BD5-607E-40F1-9830-9507BEEF5360}
	EndProjectSection
EndProject
Project("{FAE04EC0-301F-11D3-BF4B-00C04F79EFBC}") = "Homework6", "Homework6\Homework6.csproj", "{AC077034-FBB1-406B-A453-5F0F19A75298}"
EndProject
Global
	GlobalSection(SolutionConfigurationPlatforms) = preSolution
		Debug|Any CPU = Debug|Any CPU
		Release|Any CPU = Release|Any CPU
	EndGlobalSection
	GlobalSection(ProjectConfigurationPlatforms) = postSolution
		{073DF9DF-2204-4A9C-8B51-F35FDDB04C03}.Debug|Any CPU.ActiveCfg = Debug|Any CPU
		{073DF9DF-2204-4A9C-8B51-F35FDDB04C03}.Debug|Any CPU.Build.0 = Debug|Any CPU
		{073DF9DF-2204-4A9C-8B51-F35FDDB04C03}.Release|Any CPU.ActiveCfg = Release|Any CPU
		{073DF9DF-2204-4A9C-8B51-F35FDDB04C03}.Release|Any CPU.Build.0 = Release|Any CPU
		{91C13857-F42B-4083-9D3B-24E119BBC0CA}.Debug|Any CPU.ActiveCfg = Debug|Any CPU
		{91C13857-F42B-4083-9D3B-24E119BBC0CA}.Debug|Any CPU.Build.0 = Debug|Any CPU
		{91C13857-F42B-4083-9D3B-24E119BBC0CA}.Release|Any CPU.ActiveCfg = Release|Any CPU
		{91C13857-F42B-4083-9D3B-24E119BBC0CA}.Release|Any CPU.Build.0 = Release|Any CPU
		{CE671BD5-607E-40F1-9830-9507BEEF5360}.Debug|Any CPU.ActiveCfg = Debug|Any CPU
		{CE671BD5-607E-40F1-9830-9507BEEF5360}.Debug|Any CPU.Build.0 = Debug|Any CPU
		{CE671BD5-607E-40F1-9830-9507BEEF5360}.Release|Any CPU.ActiveCfg = Release|Any CPU
		{CE671BD5-607E-40F1-9830-9507BEEF5360}.Release|Any CPU.Build.0 = Release|Any CPU
		{C041C2C0-3712-44A2-8710-0567153C30ED}.Debug|Any CPU.ActiveCfg = Debug|Any CPU
		{C041C2C0-3712-44A2-8710-0567153C30ED}.Debug|Any CPU.Build.0 = Debug|Any CPU
		{C041C2C0-3712-44A2-8710-0567153C30ED}.Release|Any CPU.ActiveCfg = Release|Any CPU
		{C041C2C0-3712-44A2-8710-0567153C30ED}.Release|Any CPU.Build.0 = Release|Any CPU
		{C9C06F8F-0F22-492F-8DB2-F80F49020ABB}.Debug|Any CPU.ActiveCfg = Debug|Any CPU
		{C9C06F8F-0F22-492F-8DB2-F80F49020ABB}.Debug|Any CPU.Build.0 = Debug|Any CPU
		{C9C06F8F-0F22-492F-8DB2-F80F49020ABB}.Release|Any CPU.ActiveCfg = Release|Any CPU
		{C9C06F8F-0F22-492F-8DB2-F80F49020ABB}.Release|Any CPU.Build.0 = Release|Any CPU
		{AC077034-FBB1-406B-A453-5F0F19A75298}.Debug|Any CPU.ActiveCfg = Debug|Any CPU
		{AC077034-FBB1-406B-A453-5F0F19A75298}.Debug|Any CPU.Build.0 = Debug|Any CPU
		{AC077034-FBB1-406B-A453-5F0F19A75298}.Release|Any CPU.ActiveCfg = Release|Any CPU
		{AC077034-FBB1-406B-A453-5F0F19A75298}.Release|Any CPU.Build.0 = Release|Any CPU
	EndGlobalSection
	GlobalSection(SolutionProperties) = preSolution
		HideSolutionNode = FALSE
	EndGlobalSection
	GlobalSection(ExtensibilityGlobals) = postSolution
		SolutionGuid = {895AAABD-9EB2-4834-9961-6F6D650303E1}
	EndGlobalSection
EndGlobal
